// !$*UTF8*$!
{
	archiveVersion = 1;
	classes = {
	};
	objectVersion = 77;
	objects = {

/* Begin PBXContainerItemProxy section */
		A5731D822EFE8E0C00BF1CEA /* PBXContainerItemProxy */ = {
			isa = PBXContainerItemProxy;
			containerPortal = A5731D682EFE8E0A00BF1CEA /* Project object */;
			proxyType = 1;
			remoteGlobalIDString = A5731D6F2EFE8E0A00BF1CEA;
			remoteInfo = UpstoxAssignment;
		};
		A5731D8C2EFE8E0C00BF1CEA /* PBXContainerItemProxy */ = {
			isa = PBXContainerItemProxy;
			containerPortal = A5731D682EFE8E0A00BF1CEA /* Project object */;
			proxyType = 1;
			remoteGlobalIDString = A5731D6F2EFE8E0A00BF1CEA;
			remoteInfo = UpstoxAssignment;
		};
/* End PBXContainerItemProxy section */

/* Begin PBXFileReference section */
		A5731D702EFE8E0A00BF1CEA /* StockHoldings.app */ = {isa = PBXFileReference; explicitFileType = wrapper.application; includeInIndex = 0; path = StockHoldings.app; sourceTree = BUILT_PRODUCTS_DIR; };
		A5731D812EFE8E0C00BF1CEA /* StockHoldingsTests.xctest */ = {isa = PBXFileReference; explicitFileType = wrapper.cfbundle; includeInIndex = 0; path = StockHoldingsTests.xctest; sourceTree = BUILT_PRODUCTS_DIR; };
		A5731D8B2EFE8E0C00BF1CEA /* StockHoldingsUITests.xctest */ = {isa = PBXFileReference; explicitFileType = wrapper.cfbundle; includeInIndex = 0; path = StockHoldingsUITests.xctest; sourceTree = BUILT_PRODUCTS_DIR; };
/* End PBXFileReference section */

/* Begin PBXFileSystemSynchronizedRootGroup section */
		A5731D722EFE8E0A00BF1CEA /* StockHoldings */ = {
			isa = PBXFileSystemSynchronizedRootGroup;
			path = StockHoldings;
			sourceTree = "<group>";
		};
		A5731D842EFE8E0C00BF1CEA /* StockHoldingsTests */ = {
			isa = PBXFileSystemSynchronizedRootGroup;
			path = StockHoldingsTests;
			sourceTree = "<group>";
		};
		A5731D8E2EFE8E0C00BF1CEA /* StockHoldingsUITests */ = {
			isa = PBXFileSystemSynchronizedRootGroup;
			path = StockHoldingsUITests;
			sourceTree = "<group>";
		};
/* End PBXFileSystemSynchronizedRootGroup section */

/* Begin PBXFrameworksBuildPhase section */
		A5731D6D2EFE8E0A00BF1CEA /* Frameworks */ = {
			isa = PBXFrameworksBuildPhase;
			buildActionMask = 2147483647;
			files = (
			);
			runOnlyForDeploymentPostprocessing = 0;
		};
		A5731D7E2EFE8E0C00BF1CEA /* Frameworks */ = {
			isa = PBXFrameworksBuildPhase;
			buildActionMask = 2147483647;
			files = (
			);
			runOnlyForDeploymentPostprocessing = 0;
		};
		A5731D882EFE8E0C00BF1CEA /* Frameworks */ = {
			isa = PBXFrameworksBuildPhase;
			buildActionMask = 2147483647;
			files = (
			);
			runOnlyForDeploymentPostprocessing = 0;
		};
/* End PBXFrameworksBuildPhase section */

/* Begin PBXGroup section */
		A5731D672EFE8E0A00BF1CEA = {
			isa = PBXGroup;
			children = (
				A5731D722EFE8E0A00BF1CEA /* StockHoldings */,
				A5731D842EFE8E0C00BF1CEA /* StockHoldingsTests */,
				A5731D8E2EFE8E0C00BF1CEA /* StockHoldingsUITests */,
				A5731D712EFE8E0A00BF1CEA /* Products */,
			);
			sourceTree = "<group>";
		};
		A5731D712EFE8E0A00BF1CEA /* Products */ = {
			isa = PBXGroup;
			children = (
				A5731D702EFE8E0A00BF1CEA /* StockHoldings.app */,
				A5731D812EFE8E0C00BF1CEA /* StockHoldingsTests.xctest */,
				A5731D8B2EFE8E0C00BF1CEA /* StockHoldingsUITests.xctest */,
			);
			name = Products;
			sourceTree = "<group>";
		};
/* End PBXGroup section */

/* Begin PBXNativeTarget section */
		A5731D6F2EFE8E0A00BF1CEA /* StockHoldings */ = {
			isa = PBXNativeTarget;
			buildConfigurationList = A5731D952EFE8E0C00BF1CEA /* Build configuration list for PBXNativeTarget "StockHoldings" */;
			buildPhases = (
				A5731D6C2EFE8E0A00BF1CEA /* Sources */,
				A5731D6D2EFE8E0A00BF1CEA /* Frameworks */,
				A5731D6E2EFE8E0A00BF1CEA /* Resources */,
			);
			buildRules = (
			);
			dependencies = (
			);
			fileSystemSynchronizedGroups = (
				A5731D722EFE8E0A00BF1CEA /* StockHoldings */,
			);
			name = StockHoldings;
			packageProductDependencies = (
			);
			productName = UpstoxAssignment;
			productReference = A5731D702EFE8E0A00BF1CEA /* StockHoldings.app */;
			productType = "com.apple.product-type.application";
		};
		A5731D802EFE8E0C00BF1CEA /* StockHoldingsTests */ = {
			isa = PBXNativeTarget;
			buildConfigurationList = A5731D982EFE8E0C00BF1CEA /* Build configuration list for PBXNativeTarget "StockHoldingsTests" */;
			buildPhases = (
				A5731D7D2EFE8E0C00BF1CEA /* Sources */,
				A5731D7E2EFE8E0C00BF1CEA /* Frameworks */,
				A5731D7F2EFE8E0C00BF1CEA /* Resources */,
			);
			buildRules = (
			);
			dependencies = (
				A5731D832EFE8E0C00BF1CEA /* PBXTargetDependency */,
			);
			fileSystemSynchronizedGroups = (
				A5731D842EFE8E0C00BF1CEA /* StockHoldingsTests */,
			);
			name = StockHoldingsTests;
			packageProductDependencies = (
			);
			productName = UpstoxAssignmentTests;
			productReference = A5731D812EFE8E0C00BF1CEA /* StockHoldingsTests.xctest */;
			productType = "com.apple.product-type.bundle.unit-test";
		};
		A5731D8A2EFE8E0C00BF1CEA /* StockHoldingsUITests */ = {
			isa = PBXNativeTarget;
			buildConfigurationList = A5731D9B2EFE8E0C00BF1CEA /* Build configuration list for PBXNativeTarget "StockHoldingsUITests" */;
			buildPhases = (
				A5731D872EFE8E0C00BF1CEA /* Sources */,
				A5731D882EFE8E0C00BF1CEA /* Frameworks */,
				A5731D892EFE8E0C00BF1CEA /* Resources */,
			);
			buildRules = (
			);
			dependencies = (
				A5731D8D2EFE8E0C00BF1CEA /* PBXTargetDependency */,
			);
			fileSystemSynchronizedGroups = (
				A5731D8E2EFE8E0C00BF1CEA /* StockHoldingsUITests */,
			);
			name = StockHoldingsUITests;
			packageProductDependencies = (
			);
			productName = UpstoxAssignmentUITests;
			productReference = A5731D8B2EFE8E0C00BF1CEA /* StockHoldingsUITests.xctest */;
			productType = "com.apple.product-type.bundle.ui-testing";
		};
/* End PBXNativeTarget section */

/* Begin PBXProject section */
		A5731D682EFE8E0A00BF1CEA /* Project object */ = {
			isa = PBXProject;
			attributes = {
				BuildIndependentTargetsInParallel = 1;
				LastSwiftUpdateCheck = 1620;
				LastUpgradeCheck = 1620;
				TargetAttributes = {
					A5731D6F2EFE8E0A00BF1CEA = {
						CreatedOnToolsVersion = 16.2;
					};
					A5731D802EFE8E0C00BF1CEA = {
						CreatedOnToolsVersion = 16.2;
						TestTargetID = A5731D6F2EFE8E0A00BF1CEA;
					};
					A5731D8A2EFE8E0C00BF1CEA = {
						CreatedOnToolsVersion = 16.2;
						TestTargetID = A5731D6F2EFE8E0A00BF1CEA;
					};
				};
			};
			buildConfigurationList = A5731D6B2EFE8E0A00BF1CEA /* Build configuration list for PBXProject "StockHoldings" */;
			developmentRegion = en;
			hasScannedForEncodings = 0;
			knownRegions = (
				en,
				Base,
			);
			mainGroup = A5731D672EFE8E0A00BF1CEA;
			minimizedProjectReferenceProxies = 1;
			preferredProjectObjectVersion = 77;
			productRefGroup = A5731D712EFE8E0A00BF1CEA /* Products */;
			projectDirPath = "";
			projectRoot = "";
			targets = (
				A5731D6F2EFE8E0A00BF1CEA /* StockHoldings */,
				A5731D802EFE8E0C00BF1CEA /* StockHoldingsTests */,
				A5731D8A2EFE8E0C00BF1CEA /* StockHoldingsUITests */,
			);
		};
/* End PBXProject section */

/* Begin PBXResourcesBuildPhase section */
		A5731D6E2EFE8E0A00BF1CEA /* Resources */ = {
			isa = PBXResourcesBuildPhase;
			buildActionMask = 2147483647;
			files = (
			);
			runOnlyForDeploymentPostprocessing = 0;
		};
		A5731D7F2EFE8E0C00BF1CEA /* Resources */ = {
			isa = PBXResourcesBuildPhase;
			buildActionMask = 2147483647;
			files = (
			);
			runOnlyForDeploymentPostprocessing = 0;
		};
		A5731D892EFE8E0C00BF1CEA /* Resources */ = {
			isa = PBXResourcesBuildPhase;
			buildActionMask = 2147483647;
			files = (
			);
			runOnlyForDeploymentPostprocessing = 0;
		};
/* End PBXResourcesBuildPhase section */

/* Begin PBXSourcesBuildPhase section */
		A5731D6C2EFE8E0A00BF1CEA /* Sources */ = {
			isa = PBXSourcesBuildPhase;
			buildActionMask = 2147483647;
			files = (
			);
			runOnlyForDeploymentPostprocessing = 0;
		};
		A5731D7D2EFE8E0C00BF1CEA /* Sources */ = {
			isa = PBXSourcesBuildPhase;
			buildActionMask = 2147483647;
			files = (
			);
			runOnlyForDeploymentPostprocessing = 0;
		};
		A5731D872EFE8E0C00BF1CEA /* Sources */ = {
			isa = PBXSourcesBuildPhase;
			buildActionMask = 2147483647;
			files = (
			);
			runOnlyForDeploymentPostprocessing = 0;
		};
/* End PBXSourcesBuildPhase section */

/* Begin PBXTargetDependency section */
		A5731D832EFE8E0C00BF1CEA /* PBXTargetDependency */ = {
			isa = PBXTargetDependency;
			target = A5731D6F2EFE8E0A00BF1CEA /* StockHoldings */;
			targetProxy = A5731D822EFE8E0C00BF1CEA /* PBXContainerItemProxy */;
		};
		A5731D8D2EFE8E0C00BF1CEA /* PBXTargetDependency */ = {
			isa = PBXTargetDependency;
			target = A5731D6F2EFE8E0A00BF1CEA /* StockHoldings */;
			targetProxy = A5731D8C2EFE8E0C00BF1CEA /* PBXContainerItemProxy */;
		};
/* End PBXTargetDependency section */

/* Begin XCBuildConfiguration section */
		A5731D932EFE8E0C00BF1CEA /* Debug */ = {
			isa = XCBuildConfiguration;
			buildSettings = {
				ALWAYS_SEARCH_USER_PATHS = NO;
				ASSETCATALOG_COMPILER_GENERATE_SWIFT_ASSET_SYMBOL_EXTENSIONS = YES;
				CLANG_ANALYZER_NONNULL = YES;
				CLANG_ANALYZER_NUMBER_OBJECT_CONVERSION = YES_AGGRESSIVE;
				CLANG_CXX_LANGUAGE_STANDARD = "gnu++20";
				CLANG_ENABLE_MODULES = YES;
				CLANG_ENABLE_OBJC_ARC = YES;
				CLANG_ENABLE_OBJC_WEAK = YES;
				CLANG_WARN_BLOCK_CAPTURE_AUTORELEASING = YES;
				CLANG_WARN_BOOL_CONVERSION = YES;
				CLANG_WARN_COMMA = YES;
				CLANG_WARN_CONSTANT_CONVERSION = YES;
				CLANG_WARN_DEPRECATED_OBJC_IMPLEMENTATIONS = YES;
				CLANG_WARN_DIRECT_OBJC_ISA_USAGE = YES_ERROR;
				CLANG_WARN_DOCUMENTATION_COMMENTS = YES;
				CLANG_WARN_EMPTY_BODY = YES;
				CLANG_WARN_ENUM_CONVERSION = YES;
				CLANG_WARN_INFINITE_RECURSION = YES;
				CLANG_WARN_INT_CONVERSION = YES;
				CLANG_WARN_NON_LITERAL_NULL_CONVERSION = YES;
				CLANG_WARN_OBJC_IMPLICIT_RETAIN_SELF = YES;
				CLANG_WARN_OBJC_LITERAL_CONVERSION = YES;
				CLANG_WARN_OBJC_ROOT_CLASS = YES_ERROR;
				CLANG_WARN_QUOTED_INCLUDE_IN_FRAMEWORK_HEADER = YES;
				CLANG_WARN_RANGE_LOOP_ANALYSIS = YES;
				CLANG_WARN_STRICT_PROTOTYPES = YES;
				CLANG_WARN_SUSPICIOUS_MOVE = YES;
				CLANG_WARN_UNGUARDED_AVAILABILITY = YES_AGGRESSIVE;
				CLANG_WARN_UNREACHABLE_CODE = YES;
				CLANG_WARN__DUPLICATE_METHOD_MATCH = YES;
				COPY_PHASE_STRIP = NO;
				DEBUG_INFORMATION_FORMAT = dwarf;
				ENABLE_STRICT_OBJC_MSGSEND = YES;
				ENABLE_TESTABILITY = YES;
				ENABLE_USER_SCRIPT_SANDBOXING = YES;
				GCC_C_LANGUAGE_STANDARD = gnu17;
				GCC_DYNAMIC_NO_PIC = NO;
				GCC_NO_COMMON_BLOCKS = YES;
				GCC_OPTIMIZATION_LEVEL = 0;
				GCC_PREPROCESSOR_DEFINITIONS = (
					"DEBUG=1",
					"$(inherited)",
				);
				GCC_WARN_64_TO_32_BIT_CONVERSION = YES;
				GCC_WARN_ABOUT_RETURN_TYPE = YES_ERROR;
				GCC_WARN_UNDECLARED_SELECTOR = YES;
				GCC_WARN_UNINITIALIZED_AUTOS = YES_AGGRESSIVE;
				GCC_WARN_UNUSED_FUNCTION = YES;
				GCC_WARN_UNUSED_VARIABLE = YES;
				LOCALIZATION_PREFERS_STRING_CATALOGS = YES;
				MACOSX_DEPLOYMENT_TARGET = 15.2;
				MTL_ENABLE_DEBUG_INFO = INCLUDE_SOURCE;
				MTL_FAST_MATH = YES;
				ONLY_ACTIVE_ARCH = YES;
				SDKROOT = macosx;
				SWIFT_ACTIVE_COMPILATION_CONDITIONS = "DEBUG $(inherited)";
				SWIFT_OPTIMIZATION_LEVEL = "-Onone";
			};
			name = Debug;
		};
		A5731D942EFE8E0C00BF1CEA /* Release */ = {
			isa = XCBuildConfiguration;
			buildSettings = {
				ALWAYS_SEARCH_USER_PATHS = NO;
				ASSETCATALOG_COMPILER_GENERATE_SWIFT_ASSET_SYMBOL_EXTENSIONS = YES;
				CLANG_ANALYZER_NONNULL = YES;
				CLANG_ANALYZER_NUMBER_OBJECT_CONVERSION = YES_AGGRESSIVE;
				CLANG_CXX_LANGUAGE_STANDARD = "gnu++20";
				CLANG_ENABLE_MODULES = YES;
				CLANG_ENABLE_OBJC_ARC = YES;
				CLANG_ENABLE_OBJC_WEAK = YES;
				CLANG_WARN_BLOCK_CAPTURE_AUTORELEASING = YES;
				CLANG_WARN_BOOL_CONVERSION = YES;
				CLANG_WARN_COMMA = YES;
				CLANG_WARN_CONSTANT_CONVERSION = YES;
				CLANG_WARN_DEPRECATED_OBJC_IMPLEMENTATIONS = YES;
				CLANG_WARN_DIRECT_OBJC_ISA_USAGE = YES_ERROR;
				CLANG_WARN_DOCUMENTATION_COMMENTS = YES;
				CLANG_WARN_EMPTY_BODY = YES;
				CLANG_WARN_ENUM_CONVERSION = YES;
				CLANG_WARN_INFINITE_RECURSION = YES;
				CLANG_WARN_INT_CONVERSION = YES;
				CLANG_WARN_NON_LITERAL_NULL_CONVERSION = YES;
				CLANG_WARN_OBJC_IMPLICIT_RETAIN_SELF = YES;
				CLANG_WARN_OBJC_LITERAL_CONVERSION = YES;
				CLANG_WARN_OBJC_ROOT_CLASS = YES_ERROR;
				CLANG_WARN_QUOTED_INCLUDE_IN_FRAMEWORK_HEADER = YES;
				CLANG_WARN_RANGE_LOOP_ANALYSIS = YES;
				CLANG_WARN_STRICT_PROTOTYPES = YES;
				CLANG_WARN_SUSPICIOUS_MOVE = YES;
				CLANG_WARN_UNGUARDED_AVAILABILITY = YES_AGGRESSIVE;
				CLANG_WARN_UNREACHABLE_CODE = YES;
				CLANG_WARN__DUPLICATE_METHOD_MATCH = YES;
				COPY_PHASE_STRIP = NO;
				DEBUG_INFORMATION_FORMAT = "dwarf-with-dsym";
				ENABLE_NS_ASSERTIONS = NO;
				ENABLE_STRICT_OBJC_MSGSEND = YES;
				ENABLE_USER_SCRIPT_SANDBOXING = YES;
				GCC_C_LANGUAGE_STANDARD = gnu17;
				GCC_NO_COMMON_BLOCKS = YES;
				GCC_WARN_64_TO_32_BIT_CONVERSION = YES;
				GCC_WARN_ABOUT_RETURN_TYPE = YES_ERROR;
				GCC_WARN_UNDECLARED_SELECTOR = YES;
				GCC_WARN_UNINITIALIZED_AUTOS = YES_AGGRESSIVE;
				GCC_WARN_UNUSED_FUNCTION = YES;
				GCC_WARN_UNUSED_VARIABLE = YES;
				LOCALIZATION_PREFERS_STRING_CATALOGS = YES;
				MACOSX_DEPLOYMENT_TARGET = 15.2;
				MTL_ENABLE_DEBUG_INFO = NO;
				MTL_FAST_MATH = YES;
				SDKROOT = macosx;
				SWIFT_COMPILATION_MODE = wholemodule;
			};
			name = Release;
		};
		A5731D962EFE8E0C00BF1CEA /* Debug */ = {
			isa = XCBuildConfiguration;
			buildSettings = {
				ASSETCATALOG_COMPILER_APPICON_NAME = AppIcon;
				ASSETCATALOG_COMPILER_GLOBAL_ACCENT_COLOR_NAME = AccentColor;
				CODE_SIGN_ENTITLEMENTS = StockHoldings/StockHoldings.entitlements;
				CODE_SIGN_STYLE = Automatic;
				COMBINE_HIDPI_IMAGES = YES;
				CURRENT_PROJECT_VERSION = 1;
				DEVELOPMENT_ASSET_PATHS = "\"StockHoldings/Preview Content\"";
				DEVELOPMENT_TEAM = DY6296UD3U;
				ENABLE_HARDENED_RUNTIME = YES;
				ENABLE_PREVIEWS = YES;
				GENERATE_INFOPLIST_FILE = YES;
				INFOPLIST_KEY_NSHumanReadableCopyright = "";
				INFOPLIST_KEY_UILaunchStoryboardName = "";
				LD_RUNPATH_SEARCH_PATHS = (
					"$(inherited)",
					"@executable_path/../Frameworks",
				);
				MARKETING_VERSION = 1.0;
				PRODUCT_BUNDLE_IDENTIFIER = com.sudhanshu.UpstoxAssignment;
				PRODUCT_NAME = "$(TARGET_NAME)";
				SUPPORTED_PLATFORMS = "iphoneos iphonesimulator macosx";
				SUPPORTS_MACCATALYST = NO;
				SWIFT_EMIT_LOC_STRINGS = YES;
				SWIFT_VERSION = 5.0;
				TARGETED_DEVICE_FAMILY = 1;
			};
			name = Debug;
		};
		A5731D972EFE8E0C00BF1CEA /* Release */ = {
			isa = XCBuildConfiguration;
			buildSettings = {
				ASSETCATALOG_COMPILER_APPICON_NAME = AppIcon;
				ASSETCATALOG_COMPILER_GLOBAL_ACCENT_COLOR_NAME = AccentColor;
				CODE_SIGN_ENTITLEMENTS = StockHoldings/StockHoldings.entitlements;
				CODE_SIGN_STYLE = Automatic;
				COMBINE_HIDPI_IMAGES = YES;
				CURRENT_PROJECT_VERSION = 1;
				DEVELOPMENT_ASSET_PATHS = "\"StockHoldings/Preview Content\"";
				DEVELOPMENT_TEAM = DY6296UD3U;
				ENABLE_HARDENED_RUNTIME = YES;
				ENABLE_PREVIEWS = YES;
				GENERATE_INFOPLIST_FILE = YES;
				INFOPLIST_KEY_NSHumanReadableCopyright = "";
				INFOPLIST_KEY_UILaunchStoryboardName = "";
				LD_RUNPATH_SEARCH_PATHS = (
					"$(inherited)",
					"@executable_path/../Frameworks",
				);
				MARKETING_VERSION = 1.0;
				PRODUCT_BUNDLE_IDENTIFIER = com.sudhanshu.UpstoxAssignment;
				PRODUCT_NAME = "$(TARGET_NAME)";
				SUPPORTED_PLATFORMS = "iphoneos iphonesimulator macosx";
				SUPPORTS_MACCATALYST = NO;
				SWIFT_EMIT_LOC_STRINGS = YES;
				SWIFT_VERSION = 5.0;
				TARGETED_DEVICE_FAMILY = 1;
			};
			name = Release;
		};
		A5731D992EFE8E0C00BF1CEA /* Debug */ = {
			isa = XCBuildConfiguration;
			buildSettings = {
				BUNDLE_LOADER = "$(TEST_HOST)";
				CODE_SIGN_STYLE = Automatic;
				CURRENT_PROJECT_VERSION = 1;
				DEVELOPMENT_TEAM = DY6296UD3U;
				GENERATE_INFOPLIST_FILE = YES;
				MACOSX_DEPLOYMENT_TARGET = 15.2;
				MARKETING_VERSION = 1.0;
				PRODUCT_BUNDLE_IDENTIFIER = com.sudhanshu.UpstoxAssignmentTests;
				PRODUCT_NAME = "$(TARGET_NAME)";
				SWIFT_EMIT_LOC_STRINGS = NO;
				SWIFT_VERSION = 5.0;
				TEST_HOST = "$(BUILT_PRODUCTS_DIR)/StockHoldings.app/$(BUNDLE_EXECUTABLE_FOLDER_PATH)/StockHoldings";
			};
			name = Debug;
		};
		A5731D9A2EFE8E0C00BF1CEA /* Release */ = {
			isa = XCBuildConfiguration;
			buildSettings = {
				BUNDLE_LOADER = "$(TEST_HOST)";
				CODE_SIGN_STYLE = Automatic;
				CURRENT_PROJECT_VERSION = 1;
				DEVELOPMENT_TEAM = DY6296UD3U;
				GENERATE_INFOPLIST_FILE = YES;
				MACOSX_DEPLOYMENT_TARGET = 15.2;
				MARKETING_VERSION = 1.0;
				PRODUCT_BUNDLE_IDENTIFIER = com.sudhanshu.UpstoxAssignmentTests;
				PRODUCT_NAME = "$(TARGET_NAME)";
				SWIFT_EMIT_LOC_STRINGS = NO;
				SWIFT_VERSION = 5.0;
				TEST_HOST = "$(BUILT_PRODUCTS_DIR)/StockHoldings.app/$(BUNDLE_EXECUTABLE_FOLDER_PATH)/StockHoldings";
			};
			name = Release;
		};
		A5731D9C2EFE8E0C00BF1CEA /* Debug */ = {
			isa = XCBuildConfiguration;
			buildSettings = {
				CODE_SIGN_STYLE = Automatic;
				CURRENT_PROJECT_VERSION = 1;
				DEVELOPMENT_TEAM = DY6296UD3U;
				GENERATE_INFOPLIST_FILE = YES;
				MARKETING_VERSION = 1.0;
				PRODUCT_BUNDLE_IDENTIFIER = com.sudhanshu.UpstoxAssignmentUITests;
				PRODUCT_NAME = "$(TARGET_NAME)";
				SWIFT_EMIT_LOC_STRINGS = NO;
				SWIFT_VERSION = 5.0;
				TEST_TARGET_NAME = UpstoxAssignment;
			};
			name = Debug;
		};
		A5731D9D2EFE8E0C00BF1CEA /* Release */ = {
			isa = XCBuildConfiguration;
			buildSettings = {
				CODE_SIGN_STYLE = Automatic;
				CURRENT_PROJECT_VERSION = 1;
				DEVELOPMENT_TEAM = DY6296UD3U;
				GENERATE_INFOPLIST_FILE = YES;
				MARKETING_VERSION = 1.0;
				PRODUCT_BUNDLE_IDENTIFIER = com.sudhanshu.UpstoxAssignmentUITests;
				PRODUCT_NAME = "$(TARGET_NAME)";
				SWIFT_EMIT_LOC_STRINGS = NO;
				SWIFT_VERSION = 5.0;
				TEST_TARGET_NAME = UpstoxAssignment;
			};
			name = Release;
		};
/* End XCBuildConfiguration section */

/* Begin XCConfigurationList section */
		A5731D6B2EFE8E0A00BF1CEA /* Build configuration list for PBXProject "StockHoldings" */ = {
			isa = XCConfigurationList;
			buildConfigurations = (
				A5731D932EFE8E0C00BF1CEA /* Debug */,
				A5731D942EFE8E0C00BF1CEA /* Release */,
			);
			defaultConfigurationIsVisible = 0;
			defaultConfigurationName = Release;
		};
		A5731D952EFE8E0C00BF1CEA /* Build configuration list for PBXNativeTarget "StockHoldings" */ = {
			isa = XCConfigurationList;
			buildConfigurations = (
				A5731D962EFE8E0C00BF1CEA /* Debug */,
				A5731D972EFE8E0C00BF1CEA /* Release */,
			);
			defaultConfigurationIsVisible = 0;
			defaultConfigurationName = Release;
		};
		A5731D982EFE8E0C00BF1CEA /* Build configuration list for PBXNativeTarget "StockHoldingsTests" */ = {
			isa = XCConfigurationList;
			buildConfigurations = (
				A5731D992EFE8E0C00BF1CEA /* Debug */,
				A5731D9A2EFE8E0C00BF1CEA /* Release */,
			);
			defaultConfigurationIsVisible = 0;
			defaultConfigurationName = Release;
		};
		A5731D9B2EFE8E0C00BF1CEA /* Build configuration list for PBXNativeTarget "StockHoldingsUITests" */ = {
			isa = XCConfigurationList;
			buildConfigurations = (
				A5731D9C2EFE8E0C00BF1CEA /* Debug */,
				A5731D9D2EFE8E0C00BF1CEA /* Release */,
			);
			defaultConfigurationIsVisible = 0;
			defaultConfigurationName = Release;
		};
/* End XCConfigurationList section */
	};
	rootObject = A5731D682EFE8E0A00BF1CEA /* Project object */;
}
